// !$*UTF8*$!
{
	archiveVersion = 1;
	classes = {
	};
	objectVersion = 56;
	objects = {

/* Begin PBXBuildFile section */
		CCAB45072C56470000298C7A /* dashboardApp.swift in Sources */ = {isa = PBXBuildFile; fileRef = CCAB45062C56470000298C7A /* dashboardApp.swift */; };
		CCAB45092C56470000298C7A /* MainView.swift in Sources */ = {isa = PBXBuildFile; fileRef = CCAB45082C56470000298C7A /* MainView.swift */; };
		CCAB450B2C56470100298C7A /* Assets.xcassets in Resources */ = {isa = PBXBuildFile; fileRef = CCAB450A2C56470100298C7A /* Assets.xcassets */; };
		CCAB450E2C56470100298C7A /* Preview Assets.xcassets in Resources */ = {isa = PBXBuildFile; fileRef = CCAB450D2C56470100298C7A /* Preview Assets.xcassets */; };
		CCAB45152C564C1400298C7A /* ColorExtension.swift in Sources */ = {isa = PBXBuildFile; fileRef = CCAB45142C564C1400298C7A /* ColorExtension.swift */; };
		CCAB45182C564D1C00298C7A /* FirebaseAuth in Frameworks */ = {isa = PBXBuildFile; productRef = CCAB45172C564D1C00298C7A /* FirebaseAuth */; };
		CCAB451A2C564D1C00298C7A /* FirebaseDatabase in Frameworks */ = {isa = PBXBuildFile; productRef = CCAB45192C564D1C00298C7A /* FirebaseDatabase */; };
		CCAB451C2C564D1C00298C7A /* FirebaseDatabaseSwift in Frameworks */ = {isa = PBXBuildFile; productRef = CCAB451B2C564D1C00298C7A /* FirebaseDatabaseSwift */; };
		CCAB451E2C564D1C00298C7A /* FirebaseFirestore in Frameworks */ = {isa = PBXBuildFile; productRef = CCAB451D2C564D1C00298C7A /* FirebaseFirestore */; };
		CCAB45202C564D1C00298C7A /* FirebaseFirestoreSwift in Frameworks */ = {isa = PBXBuildFile; productRef = CCAB451F2C564D1C00298C7A /* FirebaseFirestoreSwift */; };
		CCAB45222C564D1C00298C7A /* FirebaseStorage in Frameworks */ = {isa = PBXBuildFile; productRef = CCAB45212C564D1C00298C7A /* FirebaseStorage */; };
		CCAB45252C56525E00298C7A /* GoogleSignIn in Frameworks */ = {isa = PBXBuildFile; productRef = CCAB45242C56525E00298C7A /* GoogleSignIn */; };
		CCAB45272C56525E00298C7A /* GoogleSignInSwift in Frameworks */ = {isa = PBXBuildFile; productRef = CCAB45262C56525E00298C7A /* GoogleSignInSwift */; };
		CCAB452B2C56528800298C7A /* GoogleService-Info.plist in Resources */ = {isa = PBXBuildFile; fileRef = CCAB452A2C56528800298C7A /* GoogleService-Info.plist */; };
		CCAB452E2C5652DE00298C7A /* LoginView.swift in Sources */ = {isa = PBXBuildFile; fileRef = CCAB452D2C5652DE00298C7A /* LoginView.swift */; };
		CCAB45302C5652EA00298C7A /* SignupView.swift in Sources */ = {isa = PBXBuildFile; fileRef = CCAB452F2C5652EA00298C7A /* SignupView.swift */; };
		CCAB45342C5653DA00298C7A /* AuthenticationViewModel.swift in Sources */ = {isa = PBXBuildFile; fileRef = CCAB45332C5653DA00298C7A /* AuthenticationViewModel.swift */; };
		CCAB45362C56543100298C7A /* DHUser.swift in Sources */ = {isa = PBXBuildFile; fileRef = CCAB45352C56543100298C7A /* DHUser.swift */; };
		CCAB45382C56568400298C7A /* EncodableExtension.swift in Sources */ = {isa = PBXBuildFile; fileRef = CCAB45372C56568400298C7A /* EncodableExtension.swift */; };
		CCAB45432C568AEC00298C7A /* SFUIDisplay-Black.otf in Resources */ = {isa = PBXBuildFile; fileRef = CCAB453A2C568AEC00298C7A /* SFUIDisplay-Black.otf */; };
		CCAB45442C568AEC00298C7A /* SFUIDisplay-Bold.otf in Resources */ = {isa = PBXBuildFile; fileRef = CCAB453B2C568AEC00298C7A /* SFUIDisplay-Bold.otf */; };
		CCAB45452C568AEC00298C7A /* SFUIDisplay-Heavy.otf in Resources */ = {isa = PBXBuildFile; fileRef = CCAB453C2C568AEC00298C7A /* SFUIDisplay-Heavy.otf */; };
		CCAB45462C568AEC00298C7A /* SFUIDisplay-Light.otf in Resources */ = {isa = PBXBuildFile; fileRef = CCAB453D2C568AEC00298C7A /* SFUIDisplay-Light.otf */; };
		CCAB45472C568AEC00298C7A /* SFUIDisplay-Medium.otf in Resources */ = {isa = PBXBuildFile; fileRef = CCAB453E2C568AEC00298C7A /* SFUIDisplay-Medium.otf */; };
		CCAB45482C568AEC00298C7A /* SFUIDisplay-Regular.otf in Resources */ = {isa = PBXBuildFile; fileRef = CCAB453F2C568AEC00298C7A /* SFUIDisplay-Regular.otf */; };
		CCAB45492C568AEC00298C7A /* SFUIDisplay-Semibold.otf in Resources */ = {isa = PBXBuildFile; fileRef = CCAB45402C568AEC00298C7A /* SFUIDisplay-Semibold.otf */; };
		CCAB454A2C568AEC00298C7A /* SFUIDisplay-Ultralight.otf in Resources */ = {isa = PBXBuildFile; fileRef = CCAB45412C568AEC00298C7A /* SFUIDisplay-Ultralight.otf */; };
		CCAB454C2C568CEA00298C7A /* FontExtension.swift in Sources */ = {isa = PBXBuildFile; fileRef = CCAB454B2C568CEA00298C7A /* FontExtension.swift */; };
		CCAB454E2C568EB900298C7A /* DashboardView.swift in Sources */ = {isa = PBXBuildFile; fileRef = CCAB454D2C568EB900298C7A /* DashboardView.swift */; };
		CCBB26AF2C56997200235436 /* DHTextField.swift in Sources */ = {isa = PBXBuildFile; fileRef = CCBB26AE2C56997200235436 /* DHTextField.swift */; };
		CCBB26B12C56999C00235436 /* DHPrimaryButton.swift in Sources */ = {isa = PBXBuildFile; fileRef = CCBB26B02C56999B00235436 /* DHPrimaryButton.swift */; };
		CCBB26BE2C56A8DF00235436 /* SplashScreenView.swift in Sources */ = {isa = PBXBuildFile; fileRef = CCBB26BD2C56A8DF00235436 /* SplashScreenView.swift */; };
		CCBB26C02C57313700235436 /* MenuView.swift in Sources */ = {isa = PBXBuildFile; fileRef = CCBB26BF2C57313700235436 /* MenuView.swift */; };
		CCBB26C22C573A2100235436 /* GalleryView.swift in Sources */ = {isa = PBXBuildFile; fileRef = CCBB26C12C573A2100235436 /* GalleryView.swift */; };
		CCBB26C42C573A3000235436 /* AchievementView.swift in Sources */ = {isa = PBXBuildFile; fileRef = CCBB26C32C573A3000235436 /* AchievementView.swift */; };
		CCBB26C62C573A4100235436 /* TaskView.swift in Sources */ = {isa = PBXBuildFile; fileRef = CCBB26C52C573A4100235436 /* TaskView.swift */; };
		CCBB26C82C573A5300235436 /* ToDoView.swift in Sources */ = {isa = PBXBuildFile; fileRef = CCBB26C72C573A5300235436 /* ToDoView.swift */; };
		CCBB26CA2C573E9000235436 /* TabContentView.swift in Sources */ = {isa = PBXBuildFile; fileRef = CCBB26C92C573E9000235436 /* TabContentView.swift */; };
		CCBB26CC2C573EB500235436 /* MenuContentView.swift in Sources */ = {isa = PBXBuildFile; fileRef = CCBB26CB2C573EB500235436 /* MenuContentView.swift */; };
		CCBB26CE2C573ED000235436 /* MenuButton.swift in Sources */ = {isa = PBXBuildFile; fileRef = CCBB26CD2C573ED000235436 /* MenuButton.swift */; };
		CCBB26D02C573EE700235436 /* MenuToggleButton.swift in Sources */ = {isa = PBXBuildFile; fileRef = CCBB26CF2C573EE700235436 /* MenuToggleButton.swift */; };
		CCBB26D22C573F0200235436 /* MenuItems.swift in Sources */ = {isa = PBXBuildFile; fileRef = CCBB26D12C573F0200235436 /* MenuItems.swift */; };
		CCBB26D62C5743DB00235436 /* ProfileView.swift in Sources */ = {isa = PBXBuildFile; fileRef = CCBB26D52C5743DB00235436 /* ProfileView.swift */; };
		CCBB26D82C57453400235436 /* TenantViewModel.swift in Sources */ = {isa = PBXBuildFile; fileRef = CCBB26D72C57453400235436 /* TenantViewModel.swift */; };
		CCBB26DA2C57525600235436 /* CustomDeleteAccountAlert.swift in Sources */ = {isa = PBXBuildFile; fileRef = CCBB26D92C57525600235436 /* CustomDeleteAccountAlert.swift */; };
		CCBB26DC2C57550F00235436 /* EditProfileView.swift in Sources */ = {isa = PBXBuildFile; fileRef = CCBB26DB2C57550F00235436 /* EditProfileView.swift */; };
		CCBB26E02C57598700235436 /* FirebaseStorageHelper.swift in Sources */ = {isa = PBXBuildFile; fileRef = CCBB26DF2C57598700235436 /* FirebaseStorageHelper.swift */; };
		CCBB26E42C57704400235436 /* GalleryViewModel.swift in Sources */ = {isa = PBXBuildFile; fileRef = CCBB26E32C57704400235436 /* GalleryViewModel.swift */; };
		CCBB26E62C57716E00235436 /* DHImages.swift in Sources */ = {isa = PBXBuildFile; fileRef = CCBB26E52C57716E00235436 /* DHImages.swift */; };
/* End PBXBuildFile section */

/* Begin PBXFileReference section */
		CCAB45032C56470000298C7A /* dashboard.app */ = {isa = PBXFileReference; explicitFileType = wrapper.application; includeInIndex = 0; path = dashboard.app; sourceTree = BUILT_PRODUCTS_DIR; };
		CCAB45062C56470000298C7A /* dashboardApp.swift */ = {isa = PBXFileReference; lastKnownFileType = sourcecode.swift; path = dashboardApp.swift; sourceTree = "<group>"; };
		CCAB45082C56470000298C7A /* MainView.swift */ = {isa = PBXFileReference; lastKnownFileType = sourcecode.swift; path = MainView.swift; sourceTree = "<group>"; };
		CCAB450A2C56470100298C7A /* Assets.xcassets */ = {isa = PBXFileReference; lastKnownFileType = folder.assetcatalog; path = Assets.xcassets; sourceTree = "<group>"; };
		CCAB450D2C56470100298C7A /* Preview Assets.xcassets */ = {isa = PBXFileReference; lastKnownFileType = folder.assetcatalog; path = "Preview Assets.xcassets"; sourceTree = "<group>"; };
		CCAB45142C564C1400298C7A /* ColorExtension.swift */ = {isa = PBXFileReference; lastKnownFileType = sourcecode.swift; path = ColorExtension.swift; sourceTree = "<group>"; };
		CCAB452A2C56528800298C7A /* GoogleService-Info.plist */ = {isa = PBXFileReference; fileEncoding = 4; lastKnownFileType = text.plist.xml; path = "GoogleService-Info.plist"; sourceTree = "<group>"; };
		CCAB452C2C56529B00298C7A /* Info.plist */ = {isa = PBXFileReference; lastKnownFileType = text.plist; path = Info.plist; sourceTree = "<group>"; };
		CCAB452D2C5652DE00298C7A /* LoginView.swift */ = {isa = PBXFileReference; lastKnownFileType = sourcecode.swift; path = LoginView.swift; sourceTree = "<group>"; };
		CCAB452F2C5652EA00298C7A /* SignupView.swift */ = {isa = PBXFileReference; lastKnownFileType = sourcecode.swift; path = SignupView.swift; sourceTree = "<group>"; };
		CCAB45332C5653DA00298C7A /* AuthenticationViewModel.swift */ = {isa = PBXFileReference; lastKnownFileType = sourcecode.swift; path = AuthenticationViewModel.swift; sourceTree = "<group>"; };
		CCAB45352C56543100298C7A /* DHUser.swift */ = {isa = PBXFileReference; lastKnownFileType = sourcecode.swift; path = DHUser.swift; sourceTree = "<group>"; };
		CCAB45372C56568400298C7A /* EncodableExtension.swift */ = {isa = PBXFileReference; lastKnownFileType = sourcecode.swift; path = EncodableExtension.swift; sourceTree = "<group>"; };
		CCAB453A2C568AEC00298C7A /* SFUIDisplay-Black.otf */ = {isa = PBXFileReference; lastKnownFileType = file; path = "SFUIDisplay-Black.otf"; sourceTree = "<group>"; };
		CCAB453B2C568AEC00298C7A /* SFUIDisplay-Bold.otf */ = {isa = PBXFileReference; lastKnownFileType = file; path = "SFUIDisplay-Bold.otf"; sourceTree = "<group>"; };
		CCAB453C2C568AEC00298C7A /* SFUIDisplay-Heavy.otf */ = {isa = PBXFileReference; lastKnownFileType = file; path = "SFUIDisplay-Heavy.otf"; sourceTree = "<group>"; };
		CCAB453D2C568AEC00298C7A /* SFUIDisplay-Light.otf */ = {isa = PBXFileReference; lastKnownFileType = file; path = "SFUIDisplay-Light.otf"; sourceTree = "<group>"; };
		CCAB453E2C568AEC00298C7A /* SFUIDisplay-Medium.otf */ = {isa = PBXFileReference; lastKnownFileType = file; path = "SFUIDisplay-Medium.otf"; sourceTree = "<group>"; };
		CCAB453F2C568AEC00298C7A /* SFUIDisplay-Regular.otf */ = {isa = PBXFileReference; lastKnownFileType = file; path = "SFUIDisplay-Regular.otf"; sourceTree = "<group>"; };
		CCAB45402C568AEC00298C7A /* SFUIDisplay-Semibold.otf */ = {isa = PBXFileReference; lastKnownFileType = file; path = "SFUIDisplay-Semibold.otf"; sourceTree = "<group>"; };
		CCAB45412C568AEC00298C7A /* SFUIDisplay-Ultralight.otf */ = {isa = PBXFileReference; lastKnownFileType = file; path = "SFUIDisplay-Ultralight.otf"; sourceTree = "<group>"; };
		CCAB454B2C568CEA00298C7A /* FontExtension.swift */ = {isa = PBXFileReference; lastKnownFileType = sourcecode.swift; path = FontExtension.swift; sourceTree = "<group>"; };
		CCAB454D2C568EB900298C7A /* DashboardView.swift */ = {isa = PBXFileReference; lastKnownFileType = sourcecode.swift; path = DashboardView.swift; sourceTree = "<group>"; };
		CCBB26AE2C56997200235436 /* DHTextField.swift */ = {isa = PBXFileReference; lastKnownFileType = sourcecode.swift; path = DHTextField.swift; sourceTree = "<group>"; };
		CCBB26B02C56999B00235436 /* DHPrimaryButton.swift */ = {isa = PBXFileReference; lastKnownFileType = sourcecode.swift; path = DHPrimaryButton.swift; sourceTree = "<group>"; };
		CCBB26BD2C56A8DF00235436 /* SplashScreenView.swift */ = {isa = PBXFileReference; lastKnownFileType = sourcecode.swift; path = SplashScreenView.swift; sourceTree = "<group>"; };
		CCBB26BF2C57313700235436 /* MenuView.swift */ = {isa = PBXFileReference; lastKnownFileType = sourcecode.swift; path = MenuView.swift; sourceTree = "<group>"; };
		CCBB26C12C573A2100235436 /* GalleryView.swift */ = {isa = PBXFileReference; lastKnownFileType = sourcecode.swift; path = GalleryView.swift; sourceTree = "<group>"; };
		CCBB26C32C573A3000235436 /* AchievementView.swift */ = {isa = PBXFileReference; lastKnownFileType = sourcecode.swift; path = AchievementView.swift; sourceTree = "<group>"; };
		CCBB26C52C573A4100235436 /* TaskView.swift */ = {isa = PBXFileReference; lastKnownFileType = sourcecode.swift; path = TaskView.swift; sourceTree = "<group>"; };
		CCBB26C72C573A5300235436 /* ToDoView.swift */ = {isa = PBXFileReference; lastKnownFileType = sourcecode.swift; path = ToDoView.swift; sourceTree = "<group>"; };
		CCBB26C92C573E9000235436 /* TabContentView.swift */ = {isa = PBXFileReference; lastKnownFileType = sourcecode.swift; path = TabContentView.swift; sourceTree = "<group>"; };
		CCBB26CB2C573EB500235436 /* MenuContentView.swift */ = {isa = PBXFileReference; lastKnownFileType = sourcecode.swift; path = MenuContentView.swift; sourceTree = "<group>"; };
		CCBB26CD2C573ED000235436 /* MenuButton.swift */ = {isa = PBXFileReference; lastKnownFileType = sourcecode.swift; path = MenuButton.swift; sourceTree = "<group>"; };
		CCBB26CF2C573EE700235436 /* MenuToggleButton.swift */ = {isa = PBXFileReference; lastKnownFileType = sourcecode.swift; path = MenuToggleButton.swift; sourceTree = "<group>"; };
		CCBB26D12C573F0200235436 /* MenuItems.swift */ = {isa = PBXFileReference; lastKnownFileType = sourcecode.swift; path = MenuItems.swift; sourceTree = "<group>"; };
		CCBB26D52C5743DB00235436 /* ProfileView.swift */ = {isa = PBXFileReference; lastKnownFileType = sourcecode.swift; path = ProfileView.swift; sourceTree = "<group>"; };
		CCBB26D72C57453400235436 /* TenantViewModel.swift */ = {isa = PBXFileReference; lastKnownFileType = sourcecode.swift; path = TenantViewModel.swift; sourceTree = "<group>"; };
		CCBB26D92C57525600235436 /* CustomDeleteAccountAlert.swift */ = {isa = PBXFileReference; lastKnownFileType = sourcecode.swift; path = CustomDeleteAccountAlert.swift; sourceTree = "<group>"; };
		CCBB26DB2C57550F00235436 /* EditProfileView.swift */ = {isa = PBXFileReference; lastKnownFileType = sourcecode.swift; path = EditProfileView.swift; sourceTree = "<group>"; };
		CCBB26DF2C57598700235436 /* FirebaseStorageHelper.swift */ = {isa = PBXFileReference; lastKnownFileType = sourcecode.swift; path = FirebaseStorageHelper.swift; sourceTree = "<group>"; };
		CCBB26E32C57704400235436 /* GalleryViewModel.swift */ = {isa = PBXFileReference; lastKnownFileType = sourcecode.swift; path = GalleryViewModel.swift; sourceTree = "<group>"; };
		CCBB26E52C57716E00235436 /* DHImages.swift */ = {isa = PBXFileReference; lastKnownFileType = sourcecode.swift; path = DHImages.swift; sourceTree = "<group>"; };
/* End PBXFileReference section */

/* Begin PBXFrameworksBuildPhase section */
		CCAB45002C56470000298C7A /* Frameworks */ = {
			isa = PBXFrameworksBuildPhase;
			buildActionMask = 2147483647;
			files = (
				CCAB45202C564D1C00298C7A /* FirebaseFirestoreSwift in Frameworks */,
				CCAB451C2C564D1C00298C7A /* FirebaseDatabaseSwift in Frameworks */,
				CCAB451E2C564D1C00298C7A /* FirebaseFirestore in Frameworks */,
				CCAB45272C56525E00298C7A /* GoogleSignInSwift in Frameworks */,
				CCAB451A2C564D1C00298C7A /* FirebaseDatabase in Frameworks */,
				CCAB45182C564D1C00298C7A /* FirebaseAuth in Frameworks */,
				CCAB45222C564D1C00298C7A /* FirebaseStorage in Frameworks */,
				CCAB45252C56525E00298C7A /* GoogleSignIn in Frameworks */,
			);
			runOnlyForDeploymentPostprocessing = 0;
		};
/* End PBXFrameworksBuildPhase section */

/* Begin PBXGroup section */
		CCAB44FA2C56470000298C7A = {
			isa = PBXGroup;
			children = (
				CCAB45052C56470000298C7A /* dashboard */,
				CCAB45042C56470000298C7A /* Products */,
			);
			sourceTree = "<group>";
		};
		CCAB45042C56470000298C7A /* Products */ = {
			isa = PBXGroup;
			children = (
				CCAB45032C56470000298C7A /* dashboard.app */,
			);
			name = Products;
			sourceTree = "<group>";
		};
		CCAB45052C56470000298C7A /* dashboard */ = {
			isa = PBXGroup;
			children = (
				CCBB26B62C56A59E00235436 /* Utilities */,
				CCBB26B42C56A58A00235436 /* View */,
				CCBB26B32C56A58000235436 /* ObservableObject */,
				CCBB26B22C56A57700235436 /* Model */,
				CCBB26BA2C56A5FE00235436 /* Support */,
				CCAB452C2C56529B00298C7A /* Info.plist */,
				CCAB450C2C56470100298C7A /* Preview Content */,
			);
			path = dashboard;
			sourceTree = "<group>";
		};
		CCAB450C2C56470100298C7A /* Preview Content */ = {
			isa = PBXGroup;
			children = (
				CCAB450D2C56470100298C7A /* Preview Assets.xcassets */,
			);
			path = "Preview Content";
			sourceTree = "<group>";
		};
		CCAB45392C56894600298C7A /* Fonts */ = {
			isa = PBXGroup;
			children = (
				CCAB45422C568AEC00298C7A /* SF UI Display */,
			);
			path = Fonts;
			sourceTree = "<group>";
		};
		CCAB45422C568AEC00298C7A /* SF UI Display */ = {
			isa = PBXGroup;
			children = (
				CCAB453A2C568AEC00298C7A /* SFUIDisplay-Black.otf */,
				CCAB453B2C568AEC00298C7A /* SFUIDisplay-Bold.otf */,
				CCAB453C2C568AEC00298C7A /* SFUIDisplay-Heavy.otf */,
				CCAB453D2C568AEC00298C7A /* SFUIDisplay-Light.otf */,
				CCAB453E2C568AEC00298C7A /* SFUIDisplay-Medium.otf */,
				CCAB453F2C568AEC00298C7A /* SFUIDisplay-Regular.otf */,
				CCAB45402C568AEC00298C7A /* SFUIDisplay-Semibold.otf */,
				CCAB45412C568AEC00298C7A /* SFUIDisplay-Ultralight.otf */,
			);
			path = "SF UI Display";
			sourceTree = "<group>";
		};
		CCBB26B22C56A57700235436 /* Model */ = {
			isa = PBXGroup;
			children = (
				CCAB45352C56543100298C7A /* DHUser.swift */,
				CCBB26D12C573F0200235436 /* MenuItems.swift */,
				CCBB26E52C57716E00235436 /* DHImages.swift */,
			);
			path = Model;
			sourceTree = "<group>";
		};
		CCBB26B32C56A58000235436 /* ObservableObject */ = {
			isa = PBXGroup;
			children = (
				CCBB26B52C56A59200235436 /* ViewModel */,
			);
			path = ObservableObject;
			sourceTree = "<group>";
		};
		CCBB26B42C56A58A00235436 /* View */ = {
			isa = PBXGroup;
			children = (
				CCBB26D42C573FAC00235436 /* Empty Views */,
				CCBB26B92C56A5E300235436 /* Authentication */,
				CCBB26D32C573F8900235436 /* Navigation */,
				CCAB454D2C568EB900298C7A /* DashboardView.swift */,
				CCBB26C12C573A2100235436 /* GalleryView.swift */,
				CCBB26D52C5743DB00235436 /* ProfileView.swift */,
				CCBB26DB2C57550F00235436 /* EditProfileView.swift */,
			);
			path = View;
			sourceTree = "<group>";
		};
		CCBB26B52C56A59200235436 /* ViewModel */ = {
			isa = PBXGroup;
			children = (
				CCAB45332C5653DA00298C7A /* AuthenticationViewModel.swift */,
				CCBB26D72C57453400235436 /* TenantViewModel.swift */,
				CCBB26E32C57704400235436 /* GalleryViewModel.swift */,
			);
			path = ViewModel;
			sourceTree = "<group>";
		};
		CCBB26B62C56A59E00235436 /* Utilities */ = {
			isa = PBXGroup;
			children = (
				CCBB26DE2C57597100235436 /* Helper */,
				CCBB26B82C56A5AD00235436 /* Extensions */,
				CCBB26B72C56A5A500235436 /* Components */,
			);
			path = Utilities;
			sourceTree = "<group>";
		};
		CCBB26B72C56A5A500235436 /* Components */ = {
			isa = PBXGroup;
			children = (
				CCBB26D92C57525600235436 /* CustomDeleteAccountAlert.swift */,
				CCBB26B02C56999B00235436 /* DHPrimaryButton.swift */,
				CCBB26AE2C56997200235436 /* DHTextField.swift */,
				CCBB26CD2C573ED000235436 /* MenuButton.swift */,
				CCBB26CF2C573EE700235436 /* MenuToggleButton.swift */,
			);
			path = Components;
			sourceTree = "<group>";
		};
		CCBB26B82C56A5AD00235436 /* Extensions */ = {
			isa = PBXGroup;
			children = (
				CCAB45372C56568400298C7A /* EncodableExtension.swift */,
				CCAB45142C564C1400298C7A /* ColorExtension.swift */,
				CCAB454B2C568CEA00298C7A /* FontExtension.swift */,
			);
			path = Extensions;
			sourceTree = "<group>";
		};
		CCBB26B92C56A5E300235436 /* Authentication */ = {
			isa = PBXGroup;
			children = (
				CCAB452F2C5652EA00298C7A /* SignupView.swift */,
				CCAB452D2C5652DE00298C7A /* LoginView.swift */,
			);
			path = Authentication;
			sourceTree = "<group>";
		};
		CCBB26BA2C56A5FE00235436 /* Support */ = {
			isa = PBXGroup;
			children = (
				CCAB452A2C56528800298C7A /* GoogleService-Info.plist */,
				CCAB450A2C56470100298C7A /* Assets.xcassets */,
				CCAB45062C56470000298C7A /* dashboardApp.swift */,
				CCAB45392C56894600298C7A /* Fonts */,
			);
			path = Support;
			sourceTree = "<group>";
		};
		CCBB26D32C573F8900235436 /* Navigation */ = {
			isa = PBXGroup;
			children = (
				CCBB26CB2C573EB500235436 /* MenuContentView.swift */,
				CCBB26C92C573E9000235436 /* TabContentView.swift */,
				CCBB26BF2C57313700235436 /* MenuView.swift */,
				CCBB26BD2C56A8DF00235436 /* SplashScreenView.swift */,
				CCAB45082C56470000298C7A /* MainView.swift */,
			);
			path = Navigation;
			sourceTree = "<group>";
		};
		CCBB26D42C573FAC00235436 /* Empty Views */ = {
			isa = PBXGroup;
			children = (
				CCBB26C72C573A5300235436 /* ToDoView.swift */,
				CCBB26C52C573A4100235436 /* TaskView.swift */,
				CCBB26C32C573A3000235436 /* AchievementView.swift */,
			);
			path = "Empty Views";
			sourceTree = "<group>";
		};
		CCBB26DE2C57597100235436 /* Helper */ = {
			isa = PBXGroup;
			children = (
				CCBB26DF2C57598700235436 /* FirebaseStorageHelper.swift */,
			);
			path = Helper;
			sourceTree = "<group>";
		};
/* End PBXGroup section */

/* Begin PBXNativeTarget section */
		CCAB45022C56470000298C7A /* dashboard */ = {
			isa = PBXNativeTarget;
			buildConfigurationList = CCAB45112C56470100298C7A /* Build configuration list for PBXNativeTarget "dashboard" */;
			buildPhases = (
				CCAB44FF2C56470000298C7A /* Sources */,
				CCAB45002C56470000298C7A /* Frameworks */,
				CCAB45012C56470000298C7A /* Resources */,
			);
			buildRules = (
			);
			dependencies = (
			);
			name = dashboard;
			packageProductDependencies = (
				CCAB45172C564D1C00298C7A /* FirebaseAuth */,
				CCAB45192C564D1C00298C7A /* FirebaseDatabase */,
				CCAB451B2C564D1C00298C7A /* FirebaseDatabaseSwift */,
				CCAB451D2C564D1C00298C7A /* FirebaseFirestore */,
				CCAB451F2C564D1C00298C7A /* FirebaseFirestoreSwift */,
				CCAB45212C564D1C00298C7A /* FirebaseStorage */,
				CCAB45242C56525E00298C7A /* GoogleSignIn */,
				CCAB45262C56525E00298C7A /* GoogleSignInSwift */,
			);
			productName = dashboard;
			productReference = CCAB45032C56470000298C7A /* dashboard.app */;
			productType = "com.apple.product-type.application";
		};
/* End PBXNativeTarget section */

/* Begin PBXProject section */
		CCAB44FB2C56470000298C7A /* Project object */ = {
			isa = PBXProject;
			attributes = {
				BuildIndependentTargetsInParallel = 1;
				LastSwiftUpdateCheck = 1540;
				LastUpgradeCheck = 1540;
				TargetAttributes = {
					CCAB45022C56470000298C7A = {
						CreatedOnToolsVersion = 15.4;
					};
				};
			};
			buildConfigurationList = CCAB44FE2C56470000298C7A /* Build configuration list for PBXProject "dashboard" */;
			compatibilityVersion = "Xcode 14.0";
			developmentRegion = en;
			hasScannedForEncodings = 0;
			knownRegions = (
				en,
				Base,
			);
			mainGroup = CCAB44FA2C56470000298C7A;
			packageReferences = (
				CCAB45162C564D1C00298C7A /* XCRemoteSwiftPackageReference "firebase-ios-sdk" */,
				CCAB45232C56525E00298C7A /* XCRemoteSwiftPackageReference "GoogleSignIn-iOS" */,
			);
			productRefGroup = CCAB45042C56470000298C7A /* Products */;
			projectDirPath = "";
			projectRoot = "";
			targets = (
				CCAB45022C56470000298C7A /* dashboard */,
			);
		};
/* End PBXProject section */

/* Begin PBXResourcesBuildPhase section */
		CCAB45012C56470000298C7A /* Resources */ = {
			isa = PBXResourcesBuildPhase;
			buildActionMask = 2147483647;
			files = (
				CCAB45472C568AEC00298C7A /* SFUIDisplay-Medium.otf in Resources */,
				CCAB45482C568AEC00298C7A /* SFUIDisplay-Regular.otf in Resources */,
				CCAB45442C568AEC00298C7A /* SFUIDisplay-Bold.otf in Resources */,
				CCAB454A2C568AEC00298C7A /* SFUIDisplay-Ultralight.otf in Resources */,
				CCAB45452C568AEC00298C7A /* SFUIDisplay-Heavy.otf in Resources */,
				CCAB450E2C56470100298C7A /* Preview Assets.xcassets in Resources */,
				CCAB450B2C56470100298C7A /* Assets.xcassets in Resources */,
				CCAB452B2C56528800298C7A /* GoogleService-Info.plist in Resources */,
				CCAB45432C568AEC00298C7A /* SFUIDisplay-Black.otf in Resources */,
				CCAB45492C568AEC00298C7A /* SFUIDisplay-Semibold.otf in Resources */,
				CCAB45462C568AEC00298C7A /* SFUIDisplay-Light.otf in Resources */,
			);
			runOnlyForDeploymentPostprocessing = 0;
		};
/* End PBXResourcesBuildPhase section */

/* Begin PBXSourcesBuildPhase section */
		CCAB44FF2C56470000298C7A /* Sources */ = {
			isa = PBXSourcesBuildPhase;
			buildActionMask = 2147483647;
			files = (
				CCBB26E42C57704400235436 /* GalleryViewModel.swift in Sources */,
				CCBB26E02C57598700235436 /* FirebaseStorageHelper.swift in Sources */,
				CCBB26B12C56999C00235436 /* DHPrimaryButton.swift in Sources */,
				CCBB26BE2C56A8DF00235436 /* SplashScreenView.swift in Sources */,
				CCBB26CE2C573ED000235436 /* MenuButton.swift in Sources */,
				CCAB45362C56543100298C7A /* DHUser.swift in Sources */,
				CCBB26CC2C573EB500235436 /* MenuContentView.swift in Sources */,
				CCBB26E62C57716E00235436 /* DHImages.swift in Sources */,
				CCAB45342C5653DA00298C7A /* AuthenticationViewModel.swift in Sources */,
				CCBB26DA2C57525600235436 /* CustomDeleteAccountAlert.swift in Sources */,
				CCBB26CA2C573E9000235436 /* TabContentView.swift in Sources */,
				CCBB26D22C573F0200235436 /* MenuItems.swift in Sources */,
				CCBB26DC2C57550F00235436 /* EditProfileView.swift in Sources */,
				CCBB26C42C573A3000235436 /* AchievementView.swift in Sources */,
				CCBB26C22C573A2100235436 /* GalleryView.swift in Sources */,
				CCAB45152C564C1400298C7A /* ColorExtension.swift in Sources */,
				CCAB45092C56470000298C7A /* MainView.swift in Sources */,
				CCAB452E2C5652DE00298C7A /* LoginView.swift in Sources */,
				CCBB26C02C57313700235436 /* MenuView.swift in Sources */,
				CCBB26D82C57453400235436 /* TenantViewModel.swift in Sources */,
				CCBB26C62C573A4100235436 /* TaskView.swift in Sources */,
				CCBB26AF2C56997200235436 /* DHTextField.swift in Sources */,
				CCBB26D62C5743DB00235436 /* ProfileView.swift in Sources */,
				CCAB45382C56568400298C7A /* EncodableExtension.swift in Sources */,
				CCAB454C2C568CEA00298C7A /* FontExtension.swift in Sources */,
				CCAB454E2C568EB900298C7A /* DashboardView.swift in Sources */,
				CCBB26D02C573EE700235436 /* MenuToggleButton.swift in Sources */,
				CCAB45072C56470000298C7A /* dashboardApp.swift in Sources */,
				CCBB26C82C573A5300235436 /* ToDoView.swift in Sources */,
				CCAB45302C5652EA00298C7A /* SignupView.swift in Sources */,
			);
			runOnlyForDeploymentPostprocessing = 0;
		};
/* End PBXSourcesBuildPhase section */

/* Begin XCBuildConfiguration section */
		CCAB450F2C56470100298C7A /* Debug */ = {
			isa = XCBuildConfiguration;
			buildSettings = {
				ALWAYS_SEARCH_USER_PATHS = NO;
				ASSETCATALOG_COMPILER_GENERATE_SWIFT_ASSET_SYMBOL_EXTENSIONS = YES;
				CLANG_ANALYZER_NONNULL = YES;
				CLANG_ANALYZER_NUMBER_OBJECT_CONVERSION = YES_AGGRESSIVE;
				CLANG_CXX_LANGUAGE_STANDARD = "gnu++20";
				CLANG_ENABLE_MODULES = YES;
				CLANG_ENABLE_OBJC_ARC = YES;
				CLANG_ENABLE_OBJC_WEAK = YES;
				CLANG_WARN_BLOCK_CAPTURE_AUTORELEASING = YES;
				CLANG_WARN_BOOL_CONVERSION = YES;
				CLANG_WARN_COMMA = YES;
				CLANG_WARN_CONSTANT_CONVERSION = YES;
				CLANG_WARN_DEPRECATED_OBJC_IMPLEMENTATIONS = YES;
				CLANG_WARN_DIRECT_OBJC_ISA_USAGE = YES_ERROR;
				CLANG_WARN_DOCUMENTATION_COMMENTS = YES;
				CLANG_WARN_EMPTY_BODY = YES;
				CLANG_WARN_ENUM_CONVERSION = YES;
				CLANG_WARN_INFINITE_RECURSION = YES;
				CLANG_WARN_INT_CONVERSION = YES;
				CLANG_WARN_NON_LITERAL_NULL_CONVERSION = YES;
				CLANG_WARN_OBJC_IMPLICIT_RETAIN_SELF = YES;
				CLANG_WARN_OBJC_LITERAL_CONVERSION = YES;
				CLANG_WARN_OBJC_ROOT_CLASS = YES_ERROR;
				CLANG_WARN_QUOTED_INCLUDE_IN_FRAMEWORK_HEADER = YES;
				CLANG_WARN_RANGE_LOOP_ANALYSIS = YES;
				CLANG_WARN_STRICT_PROTOTYPES = YES;
				CLANG_WARN_SUSPICIOUS_MOVE = YES;
				CLANG_WARN_UNGUARDED_AVAILABILITY = YES_AGGRESSIVE;
				CLANG_WARN_UNREACHABLE_CODE = YES;
				CLANG_WARN__DUPLICATE_METHOD_MATCH = YES;
				COPY_PHASE_STRIP = NO;
				DEBUG_INFORMATION_FORMAT = dwarf;
				ENABLE_STRICT_OBJC_MSGSEND = YES;
				ENABLE_TESTABILITY = YES;
				ENABLE_USER_SCRIPT_SANDBOXING = YES;
				GCC_C_LANGUAGE_STANDARD = gnu17;
				GCC_DYNAMIC_NO_PIC = NO;
				GCC_NO_COMMON_BLOCKS = YES;
				GCC_OPTIMIZATION_LEVEL = 0;
				GCC_PREPROCESSOR_DEFINITIONS = (
					"DEBUG=1",
					"$(inherited)",
				);
				GCC_WARN_64_TO_32_BIT_CONVERSION = YES;
				GCC_WARN_ABOUT_RETURN_TYPE = YES_ERROR;
				GCC_WARN_UNDECLARED_SELECTOR = YES;
				GCC_WARN_UNINITIALIZED_AUTOS = YES_AGGRESSIVE;
				GCC_WARN_UNUSED_FUNCTION = YES;
				GCC_WARN_UNUSED_VARIABLE = YES;
				IPHONEOS_DEPLOYMENT_TARGET = 17.5;
				LOCALIZATION_PREFERS_STRING_CATALOGS = YES;
				MTL_ENABLE_DEBUG_INFO = INCLUDE_SOURCE;
				MTL_FAST_MATH = YES;
				ONLY_ACTIVE_ARCH = YES;
				SDKROOT = iphoneos;
				SWIFT_ACTIVE_COMPILATION_CONDITIONS = "DEBUG $(inherited)";
				SWIFT_OPTIMIZATION_LEVEL = "-Onone";
			};
			name = Debug;
		};
		CCAB45102C56470100298C7A /* Release */ = {
			isa = XCBuildConfiguration;
			buildSettings = {
				ALWAYS_SEARCH_USER_PATHS = NO;
				ASSETCATALOG_COMPILER_GENERATE_SWIFT_ASSET_SYMBOL_EXTENSIONS = YES;
				CLANG_ANALYZER_NONNULL = YES;
				CLANG_ANALYZER_NUMBER_OBJECT_CONVERSION = YES_AGGRESSIVE;
				CLANG_CXX_LANGUAGE_STANDARD = "gnu++20";
				CLANG_ENABLE_MODULES = YES;
				CLANG_ENABLE_OBJC_ARC = YES;
				CLANG_ENABLE_OBJC_WEAK = YES;
				CLANG_WARN_BLOCK_CAPTURE_AUTORELEASING = YES;
				CLANG_WARN_BOOL_CONVERSION = YES;
				CLANG_WARN_COMMA = YES;
				CLANG_WARN_CONSTANT_CONVERSION = YES;
				CLANG_WARN_DEPRECATED_OBJC_IMPLEMENTATIONS = YES;
				CLANG_WARN_DIRECT_OBJC_ISA_USAGE = YES_ERROR;
				CLANG_WARN_DOCUMENTATION_COMMENTS = YES;
				CLANG_WARN_EMPTY_BODY = YES;
				CLANG_WARN_ENUM_CONVERSION = YES;
				CLANG_WARN_INFINITE_RECURSION = YES;
				CLANG_WARN_INT_CONVERSION = YES;
				CLANG_WARN_NON_LITERAL_NULL_CONVERSION = YES;
				CLANG_WARN_OBJC_IMPLICIT_RETAIN_SELF = YES;
				CLANG_WARN_OBJC_LITERAL_CONVERSION = YES;
				CLANG_WARN_OBJC_ROOT_CLASS = YES_ERROR;
				CLANG_WARN_QUOTED_INCLUDE_IN_FRAMEWORK_HEADER = YES;
				CLANG_WARN_RANGE_LOOP_ANALYSIS = YES;
				CLANG_WARN_STRICT_PROTOTYPES = YES;
				CLANG_WARN_SUSPICIOUS_MOVE = YES;
				CLANG_WARN_UNGUARDED_AVAILABILITY = YES_AGGRESSIVE;
				CLANG_WARN_UNREACHABLE_CODE = YES;
				CLANG_WARN__DUPLICATE_METHOD_MATCH = YES;
				COPY_PHASE_STRIP = NO;
				DEBUG_INFORMATION_FORMAT = "dwarf-with-dsym";
				ENABLE_NS_ASSERTIONS = NO;
				ENABLE_STRICT_OBJC_MSGSEND = YES;
				ENABLE_USER_SCRIPT_SANDBOXING = YES;
				GCC_C_LANGUAGE_STANDARD = gnu17;
				GCC_NO_COMMON_BLOCKS = YES;
				GCC_WARN_64_TO_32_BIT_CONVERSION = YES;
				GCC_WARN_ABOUT_RETURN_TYPE = YES_ERROR;
				GCC_WARN_UNDECLARED_SELECTOR = YES;
				GCC_WARN_UNINITIALIZED_AUTOS = YES_AGGRESSIVE;
				GCC_WARN_UNUSED_FUNCTION = YES;
				GCC_WARN_UNUSED_VARIABLE = YES;
				IPHONEOS_DEPLOYMENT_TARGET = 17.5;
				LOCALIZATION_PREFERS_STRING_CATALOGS = YES;
				MTL_ENABLE_DEBUG_INFO = NO;
				MTL_FAST_MATH = YES;
				SDKROOT = iphoneos;
				SWIFT_COMPILATION_MODE = wholemodule;
				VALIDATE_PRODUCT = YES;
			};
			name = Release;
		};
		CCAB45122C56470100298C7A /* Debug */ = {
			isa = XCBuildConfiguration;
			buildSettings = {
				ASSETCATALOG_COMPILER_APPICON_NAME = AppIcon;
				ASSETCATALOG_COMPILER_GLOBAL_ACCENT_COLOR_NAME = AccentColor;
				CODE_SIGN_STYLE = Automatic;
				CURRENT_PROJECT_VERSION = 1;
				DEVELOPMENT_ASSET_PATHS = "\"dashboard/Preview Content\"";
				DEVELOPMENT_TEAM = 792SAN8W5Y;
				ENABLE_PREVIEWS = YES;
				GENERATE_INFOPLIST_FILE = YES;
				INFOPLIST_FILE = dashboard/Info.plist;
				INFOPLIST_KEY_CFBundleDisplayName = Argus;
				INFOPLIST_KEY_UIApplicationSceneManifest_Generation = YES;
				INFOPLIST_KEY_UIApplicationSupportsIndirectInputEvents = YES;
				INFOPLIST_KEY_UILaunchScreen_Generation = YES;
				INFOPLIST_KEY_UISupportedInterfaceOrientations = UIInterfaceOrientationPortrait;
				IPHONEOS_DEPLOYMENT_TARGET = 17.0;
				LD_RUNPATH_SEARCH_PATHS = (
					"$(inherited)",
					"@executable_path/Frameworks",
				);
				MARKETING_VERSION = 1.0;
				PRODUCT_BUNDLE_IDENTIFIER = com.krishmittal.dashboard;
				PRODUCT_NAME = "$(TARGET_NAME)";
				SUPPORTED_PLATFORMS = "iphoneos iphonesimulator";
				SUPPORTS_MACCATALYST = NO;
				SUPPORTS_MAC_DESIGNED_FOR_IPHONE_IPAD = NO;
				SUPPORTS_XR_DESIGNED_FOR_IPHONE_IPAD = NO;
				SWIFT_EMIT_LOC_STRINGS = YES;
				SWIFT_VERSION = 5.0;
				TARGETED_DEVICE_FAMILY = 1;
			};
			name = Debug;
		};
		CCAB45132C56470100298C7A /* Release */ = {
			isa = XCBuildConfiguration;
			buildSettings = {
				ASSETCATALOG_COMPILER_APPICON_NAME = AppIcon;
				ASSETCATALOG_COMPILER_GLOBAL_ACCENT_COLOR_NAME = AccentColor;
				CODE_SIGN_STYLE = Automatic;
				CURRENT_PROJECT_VERSION = 1;
				DEVELOPMENT_ASSET_PATHS = "\"dashboard/Preview Content\"";
				DEVELOPMENT_TEAM = 792SAN8W5Y;
				ENABLE_PREVIEWS = YES;
				GENERATE_INFOPLIST_FILE = YES;
				INFOPLIST_FILE = dashboard/Info.plist;
				INFOPLIST_KEY_CFBundleDisplayName = Argus;
				INFOPLIST_KEY_UIApplicationSceneManifest_Generation = YES;
				INFOPLIST_KEY_UIApplicationSupportsIndirectInputEvents = YES;
				INFOPLIST_KEY_UILaunchScreen_Generation = YES;
				INFOPLIST_KEY_UISupportedInterfaceOrientations = UIInterfaceOrientationPortrait;
				IPHONEOS_DEPLOYMENT_TARGET = 17.0;
				LD_RUNPATH_SEARCH_PATHS = (
					"$(inherited)",
					"@executable_path/Frameworks",
				);
				MARKETING_VERSION = 1.0;
				PRODUCT_BUNDLE_IDENTIFIER = com.krishmittal.dashboard;
				PRODUCT_NAME = "$(TARGET_NAME)";
				SUPPORTED_PLATFORMS = "iphoneos iphonesimulator";
				SUPPORTS_MACCATALYST = NO;
				SUPPORTS_MAC_DESIGNED_FOR_IPHONE_IPAD = NO;
				SUPPORTS_XR_DESIGNED_FOR_IPHONE_IPAD = NO;
				SWIFT_EMIT_LOC_STRINGS = YES;
				SWIFT_VERSION = 5.0;
				TARGETED_DEVICE_FAMILY = 1;
			};
			name = Release;
		};
/* End XCBuildConfiguration section */

/* Begin XCConfigurationList section */
		CCAB44FE2C56470000298C7A /* Build configuration list for PBXProject "dashboard" */ = {
			isa = XCConfigurationList;
			buildConfigurations = (
				CCAB450F2C56470100298C7A /* Debug */,
				CCAB45102C56470100298C7A /* Release */,
			);
			defaultConfigurationIsVisible = 0;
			defaultConfigurationName = Release;
		};
		CCAB45112C56470100298C7A /* Build configuration list for PBXNativeTarget "dashboard" */ = {
			isa = XCConfigurationList;
			buildConfigurations = (
				CCAB45122C56470100298C7A /* Debug */,
				CCAB45132C56470100298C7A /* Release */,
			);
			defaultConfigurationIsVisible = 0;
			defaultConfigurationName = Release;
		};
/* End XCConfigurationList section */

/* Begin XCRemoteSwiftPackageReference section */
		CCAB45162C564D1C00298C7A /* XCRemoteSwiftPackageReference "firebase-ios-sdk" */ = {
			isa = XCRemoteSwiftPackageReference;
			repositoryURL = "https://github.com/firebase/firebase-ios-sdk.git";
			requirement = {
				kind = upToNextMajorVersion;
				minimumVersion = 10.29.0;
			};
		};
		CCAB45232C56525E00298C7A /* XCRemoteSwiftPackageReference "GoogleSignIn-iOS" */ = {
			isa = XCRemoteSwiftPackageReference;
			repositoryURL = "https://github.com/google/GoogleSignIn-iOS.git";
			requirement = {
				kind = upToNextMajorVersion;
				minimumVersion = 7.1.0;
			};
		};
/* End XCRemoteSwiftPackageReference section */

/* Begin XCSwiftPackageProductDependency section */
		CCAB45172C564D1C00298C7A /* FirebaseAuth */ = {
			isa = XCSwiftPackageProductDependency;
			package = CCAB45162C564D1C00298C7A /* XCRemoteSwiftPackageReference "firebase-ios-sdk" */;
			productName = FirebaseAuth;
		};
		CCAB45192C564D1C00298C7A /* FirebaseDatabase */ = {
			isa = XCSwiftPackageProductDependency;
			package = CCAB45162C564D1C00298C7A /* XCRemoteSwiftPackageReference "firebase-ios-sdk" */;
			productName = FirebaseDatabase;
		};
		CCAB451B2C564D1C00298C7A /* FirebaseDatabaseSwift */ = {
			isa = XCSwiftPackageProductDependency;
			package = CCAB45162C564D1C00298C7A /* XCRemoteSwiftPackageReference "firebase-ios-sdk" */;
			productName = FirebaseDatabaseSwift;
		};
		CCAB451D2C564D1C00298C7A /* FirebaseFirestore */ = {
			isa = XCSwiftPackageProductDependency;
			package = CCAB45162C564D1C00298C7A /* XCRemoteSwiftPackageReference "firebase-ios-sdk" */;
			productName = FirebaseFirestore;
		};
		CCAB451F2C564D1C00298C7A /* FirebaseFirestoreSwift */ = {
			isa = XCSwiftPackageProductDependency;
			package = CCAB45162C564D1C00298C7A /* XCRemoteSwiftPackageReference "firebase-ios-sdk" */;
			productName = FirebaseFirestoreSwift;
		};
		CCAB45212C564D1C00298C7A /* FirebaseStorage */ = {
			isa = XCSwiftPackageProductDependency;
			package = CCAB45162C564D1C00298C7A /* XCRemoteSwiftPackageReference "firebase-ios-sdk" */;
			productName = FirebaseStorage;
		};
		CCAB45242C56525E00298C7A /* GoogleSignIn */ = {
			isa = XCSwiftPackageProductDependency;
			package = CCAB45232C56525E00298C7A /* XCRemoteSwiftPackageReference "GoogleSignIn-iOS" */;
			productName = GoogleSignIn;
		};
		CCAB45262C56525E00298C7A /* GoogleSignInSwift */ = {
			isa = XCSwiftPackageProductDependency;
			package = CCAB45232C56525E00298C7A /* XCRemoteSwiftPackageReference "GoogleSignIn-iOS" */;
			productName = GoogleSignInSwift;
		};
/* End XCSwiftPackageProductDependency section */
	};
	rootObject = CCAB44FB2C56470000298C7A /* Project object */;
}
